
Microsoft Visual Studio Solution File, Format Version 12.00
# Visual Studio Version 16
VisualStudioVersion = 16.0.29306.81
MinimumVisualStudioVersion = 10.0.40219.1
Project("{FAE04EC0-301F-11D3-BF4B-00C04F79EFBC}") = "LojaVirtual2", "LojaVirtual2\LojaVirtual2.csproj", "{C944F651-BC5B-4B7A-A277-919BAF828F09}"
EndProject
Global
	GlobalSection(SolutionConfigurationPlatforms) = preSolution
		Debug|Any CPU = Debug|Any CPU
		Release|Any CPU = Release|Any CPU
	EndGlobalSection
	GlobalSection(ProjectConfigurationPlatforms) = postSolution
		{C944F651-BC5B-4B7A-A277-919BAF828F09}.Debug|Any CPU.ActiveCfg = Debug|Any CPU
		{C944F651-BC5B-4B7A-A277-919BAF828F09}.Debug|Any CPU.Build.0 = Debug|Any CPU
		{C944F651-BC5B-4B7A-A277-919BAF828F09}.Release|Any CPU.ActiveCfg = Release|Any CPU
		{C944F651-BC5B-4B7A-A277-919BAF828F09}.Release|Any CPU.Build.0 = Release|Any CPU
	EndGlobalSection
	GlobalSection(SolutionProperties) = preSolution
		HideSolutionNode = FALSE
	EndGlobalSection
	GlobalSection(ExtensibilityGlobals) = postSolution
		SolutionGuid = {2E330AC6-E9B0-4B10-A5BA-B5E5F0FE17B2}
	EndGlobalSection
EndGlobal
